
Microsoft Visual Studio Solution File, Format Version 12.00
# Visual Studio Version 16
VisualStudioVersion = 16.0.31005.135
MinimumVisualStudioVersion = 10.0.40219.1
Project("{FAE04EC0-301F-11D3-BF4B-00C04F79EFBC}") = "DaxQueryExporter", "DaxQueryExporter.csproj", "{A55355C3-D379-46F7-A51D-D4A34C269E33}"
EndProject
Global
	GlobalSection(SolutionConfigurationPlatforms) = preSolution
		Debug|Any CPU = Debug|Any CPU
		Release|Any CPU = Release|Any CPU
	EndGlobalSection
	GlobalSection(ProjectConfigurationPlatforms) = postSolution
		{A55355C3-D379-46F7-A51D-D4A34C269E33}.Debug|Any CPU.ActiveCfg = Debug|Any CPU
		{A55355C3-D379-46F7-A51D-D4A34C269E33}.Debug|Any CPU.Build.0 = Debug|Any CPU
		{A55355C3-D379-46F7-A51D-D4A34C269E33}.Release|Any CPU.ActiveCfg = Release|Any CPU
		{A55355C3-D379-46F7-A51D-D4A34C269E33}.Release|Any CPU.Build.0 = Release|Any CPU
	EndGlobalSection
	GlobalSection(SolutionProperties) = preSolution
		HideSolutionNode = FALSE
	EndGlobalSection
	GlobalSection(ExtensibilityGlobals) = postSolution
		SolutionGuid = {FA2AC822-EA49-41CD-9A05-8FCBD53BA192}
	EndGlobalSection
EndGlobal
